
Microsoft Visual Studio Solution File, Format Version 12.00
# Visual Studio Version 16
VisualStudioVersion = 16.0.36107.64
MinimumVisualStudioVersion = 10.0.40219.1
Project("{8BC9CEB8-8B4A-11D0-8D11-00A0C91BC942}") = "FlyRf_Base_25_11_29_01", "FlyRf_Base_25_11_29_01.vcxproj", "{F45CE7FE-DC9D-4CE5-9CB4-93505FC638ED}"
EndProject
Global
	GlobalSection(SolutionConfigurationPlatforms) = preSolution
		Debug|ARM = Debug|ARM
		Debug|ARM64 = Debug|ARM64
		Release|ARM = Release|ARM
		Release|ARM64 = Release|ARM64
	EndGlobalSection
	GlobalSection(ProjectConfigurationPlatforms) = postSolution
		{F45CE7FE-DC9D-4CE5-9CB4-93505FC638ED}.Debug|ARM.ActiveCfg = Debug|ARM
		{F45CE7FE-DC9D-4CE5-9CB4-93505FC638ED}.Debug|ARM.Build.0 = Debug|ARM
		{F45CE7FE-DC9D-4CE5-9CB4-93505FC638ED}.Debug|ARM.Deploy.0 = Debug|ARM
		{F45CE7FE-DC9D-4CE5-9CB4-93505FC638ED}.Debug|ARM64.ActiveCfg = Debug|ARM64
		{F45CE7FE-DC9D-4CE5-9CB4-93505FC638ED}.Debug|ARM64.Build.0 = Debug|ARM64
		{F45CE7FE-DC9D-4CE5-9CB4-93505FC638ED}.Debug|ARM64.Deploy.0 = Debug|ARM64
		{F45CE7FE-DC9D-4CE5-9CB4-93505FC638ED}.Release|ARM.ActiveCfg = Release|ARM
		{F45CE7FE-DC9D-4CE5-9CB4-93505FC638ED}.Release|ARM.Build.0 = Release|ARM
		{F45CE7FE-DC9D-4CE5-9CB4-93505FC638ED}.Release|ARM.Deploy.0 = Release|ARM
		{F45CE7FE-DC9D-4CE5-9CB4-93505FC638ED}.Release|ARM64.ActiveCfg = Release|ARM64
		{F45CE7FE-DC9D-4CE5-9CB4-93505FC638ED}.Release|ARM64.Build.0 = Release|ARM64
		{F45CE7FE-DC9D-4CE5-9CB4-93505FC638ED}.Release|ARM64.Deploy.0 = Release|ARM64
	EndGlobalSection
	GlobalSection(SolutionProperties) = preSolution
		HideSolutionNode = FALSE
	EndGlobalSection
	GlobalSection(ExtensibilityGlobals) = postSolution
		SolutionGuid = {D09CEBA5-2881-4840-B42E-CEDB17A6A37A}
	EndGlobalSection
EndGlobal
