
Microsoft Visual Studio Solution File, Format Version 12.00
# Visual Studio Version 16
VisualStudioVersion = 16.0.33920.266
MinimumVisualStudioVersion = 10.0.40219.1
Project("{8BC9CEB8-8B4A-11D0-8D11-00A0C91BC942}") = "LoRaReceiverSender", "LoRaReceiverSender.vcxproj", "{D9FB7C18-5AFD-4A05-826A-8C41C75B8275}"
EndProject
Global
	GlobalSection(SolutionConfigurationPlatforms) = preSolution
		Debug|ARM = Debug|ARM
		Debug|ARM64 = Debug|ARM64
		Release|ARM = Release|ARM
		Release|ARM64 = Release|ARM64
	EndGlobalSection
	GlobalSection(ProjectConfigurationPlatforms) = postSolution
		{D9FB7C18-5AFD-4A05-826A-8C41C75B8275}.Debug|ARM.ActiveCfg = Debug|ARM
		{D9FB7C18-5AFD-4A05-826A-8C41C75B8275}.Debug|ARM.Build.0 = Debug|ARM
		{D9FB7C18-5AFD-4A05-826A-8C41C75B8275}.Debug|ARM.Deploy.0 = Debug|ARM
		{D9FB7C18-5AFD-4A05-826A-8C41C75B8275}.Debug|ARM64.ActiveCfg = Debug|ARM64
		{D9FB7C18-5AFD-4A05-826A-8C41C75B8275}.Debug|ARM64.Build.0 = Debug|ARM64
		{D9FB7C18-5AFD-4A05-826A-8C41C75B8275}.Debug|ARM64.Deploy.0 = Debug|ARM64
		{D9FB7C18-5AFD-4A05-826A-8C41C75B8275}.Release|ARM.ActiveCfg = Release|ARM
		{D9FB7C18-5AFD-4A05-826A-8C41C75B8275}.Release|ARM.Build.0 = Release|ARM
		{D9FB7C18-5AFD-4A05-826A-8C41C75B8275}.Release|ARM.Deploy.0 = Release|ARM
		{D9FB7C18-5AFD-4A05-826A-8C41C75B8275}.Release|ARM64.ActiveCfg = Release|ARM64
		{D9FB7C18-5AFD-4A05-826A-8C41C75B8275}.Release|ARM64.Build.0 = Release|ARM64
		{D9FB7C18-5AFD-4A05-826A-8C41C75B8275}.Release|ARM64.Deploy.0 = Release|ARM64
	EndGlobalSection
	GlobalSection(SolutionProperties) = preSolution
		HideSolutionNode = FALSE
	EndGlobalSection
	GlobalSection(ExtensibilityGlobals) = postSolution
		SolutionGuid = {94B834D9-7D38-4C7C-9298-C0E976B8DAAA}
	EndGlobalSection
EndGlobal
