<?xml version="1.0" encoding="utf-8"?>
<Project ToolsVersion="4.0" xmlns="http://schemas.microsoft.com/developer/msbuild/2003">
  <ItemGroup>
    <Filter Include="Source Files">
      <UniqueIdentifier>{4FC737F1-C7A5-4376-A066-2A32D752A2FF}</UniqueIdentifier>
      <Extensions>cpp;c;cc;cxx;def;odl;idl;hpj;bat;asm;asmx</Extensions>
    </Filter>
    <Filter Include="Header Files">
      <UniqueIdentifier>{93995380-89BD-4b04-88EB-625FBE52EBFB}</UniqueIdentifier>
      <Extensions>h;hh;hpp;hxx;hm;inl;inc;xsd</Extensions>
    </Filter>
    <Filter Include="Resource Files">
      <UniqueIdentifier>{67DA6AB6-F800-4c08-8B7A-83BB121AAD01}</UniqueIdentifier>
      <Extensions>rc;ico;cur;bmp;dlg;rc2;rct;bin;rgs;gif;jpg;jpeg;jpe;resx;tiff;tif;png;wav;mfcribbon-ms</Extensions>
    </Filter>
  </ItemGroup>
  <ItemGroup>
    <None Include="SoftRF_TFT_09.ino" />
  </ItemGroup>
  <ItemGroup>
    <ClInclude Include="__vm\.SoftRF_TFT_09.vsarduino.h">
      <Filter>Header Files</Filter>
    </ClInclude>
    <ClInclude Include="AbstractModule.h">
      <Filter>Header Files</Filter>
    </ClInclude>
    <ClInclude Include="Airplane.h">
      <Filter>Header Files</Filter>
    </ClInclude>
    <ClInclude Include="BigRusFont.h">
      <Filter>Header Files</Filter>
    </ClInclude>
    <ClInclude Include="build_opt.h">
      <Filter>Header Files</Filter>
    </ClInclude>
    <ClInclude Include="Configuration_ESP32.h">
      <Filter>Header Files</Filter>
    </ClInclude>
    <ClInclude Include="Final_Frontier_28.h">
      <Filter>Header Files</Filter>
    </ClInclude>
    <ClInclude Include="hal_conf_extra.h">
      <Filter>Header Files</Filter>
    </ClInclude>
    <ClInclude Include="Latin_Hiragana_24.h">
      <Filter>Header Files</Filter>
    </ClInclude>
    <ClInclude Include="MyFont.h">
      <Filter>Header Files</Filter>
    </ClInclude>
    <ClInclude Include="NotoSansBold15.h">
      <Filter>Header Files</Filter>
    </ClInclude>
    <ClInclude Include="NotoSansBold36.h">
      <Filter>Header Files</Filter>
    </ClInclude>
    <ClInclude Include="NotoSansMonoSCB20.h">
      <Filter>Header Files</Filter>
    </ClInclude>
    <ClInclude Include="RusFont.h">
      <Filter>Header Files</Filter>
    </ClInclude>
    <ClInclude Include="RusFont3.h">
      <Filter>Header Files</Filter>
    </ClInclude>
    <ClInclude Include="SevenSegNumFontMDS.h">
      <Filter>Header Files</Filter>
    </ClInclude>
    <ClInclude Include="SevenSegNumFontPlus.h">
      <Filter>Header Files</Filter>
    </ClInclude>
    <ClInclude Include="SmallRusFont.h">
      <Filter>Header Files</Filter>
    </ClInclude>
    <ClInclude Include="SoftRF.h">
      <Filter>Header Files</Filter>
    </ClInclude>
    <ClInclude Include="TFTMenu.h">
      <Filter>Header Files</Filter>
    </ClInclude>
    <ClInclude Include="TFTModule.h">
      <Filter>Header Files</Filter>
    </ClInclude>
    <ClInclude Include="TFTRus.h">
      <Filter>Header Files</Filter>
    </ClInclude>
    <ClInclude Include="TFT_Includes.h">
      <Filter>Header Files</Filter>
    </ClInclude>
    <ClInclude Include="TinyVector.h">
      <Filter>Header Files</Filter>
    </ClInclude>
    <ClInclude Include="Unicode_Test_72.h">
      <Filter>Header Files</Filter>
    </ClInclude>
    <ClInclude Include="src\Logo.h">
      <Filter>Header Files</Filter>
    </ClInclude>
    <ClInclude Include="src\TrafficHelper.h">
      <Filter>Header Files</Filter>
    </ClInclude>
    <ClInclude Include="src\TTNHelper.h">
      <Filter>Header Files</Filter>
    </ClInclude>
    <ClInclude Include="src\driver\Baro.h">
      <Filter>Header Files</Filter>
    </ClInclude>
    <ClInclude Include="src\driver\Battery.h">
      <Filter>Header Files</Filter>
    </ClInclude>
    <ClInclude Include="src\driver\Bluetooth.h">
      <Filter>Header Files</Filter>
    </ClInclude>
    <ClInclude Include="src\driver\EEPROM.h">
      <Filter>Header Files</Filter>
    </ClInclude>
    <ClInclude Include="src\driver\EPD.h">
      <Filter>Header Files</Filter>
    </ClInclude>
    <ClInclude Include="src\driver\GNSS.h">
      <Filter>Header Files</Filter>
    </ClInclude>
    <ClInclude Include="src\driver\LED.h">
      <Filter>Header Files</Filter>
    </ClInclude>
    <ClInclude Include="src\driver\OLED.h">
      <Filter>Header Files</Filter>
    </ClInclude>
    <ClInclude Include="src\driver\RF.h">
      <Filter>Header Files</Filter>
    </ClInclude>
    <ClInclude Include="src\driver\Sound.h">
      <Filter>Header Files</Filter>
    </ClInclude>
    <ClInclude Include="src\driver\WiFi.h">
      <Filter>Header Files</Filter>
    </ClInclude>
    <ClInclude Include="src\platform\ASR66.h">
      <Filter>Header Files</Filter>
    </ClInclude>
    <ClInclude Include="src\platform\AVR.h">
      <Filter>Header Files</Filter>
    </ClInclude>
    <ClInclude Include="src\platform\CC13XX.h">
      <Filter>Header Files</Filter>
    </ClInclude>
    <ClInclude Include="src\platform\ESP32.h">
      <Filter>Header Files</Filter>
    </ClInclude>
    <ClInclude Include="src\platform\ESP8266.h">
      <Filter>Header Files</Filter>
    </ClInclude>
    <ClInclude Include="src\platform\LPC43.h">
      <Filter>Header Files</Filter>
    </ClInclude>
    <ClInclude Include="src\platform\nRF52.h">
      <Filter>Header Files</Filter>
    </ClInclude>
    <ClInclude Include="src\platform\PSoC4.h">
      <Filter>Header Files</Filter>
    </ClInclude>
    <ClInclude Include="src\platform\RP2040.h">
      <Filter>Header Files</Filter>
    </ClInclude>
    <ClInclude Include="src\platform\RPi.h">
      <Filter>Header Files</Filter>
    </ClInclude>
    <ClInclude Include="src\platform\SAMD.h">
      <Filter>Header Files</Filter>
    </ClInclude>
    <ClInclude Include="src\platform\STM32.h">
      <Filter>Header Files</Filter>
    </ClInclude>
    <ClInclude Include="src\platform\iomap\AiThinker_C3_12F.h">
      <Filter>Header Files</Filter>
    </ClInclude>
    <ClInclude Include="src\platform\iomap\Blue_Pill.h">
      <Filter>Header Files</Filter>
    </ClInclude>
    <ClInclude Include="src\platform\iomap\Heltec_Tracker.h">
      <Filter>Header Files</Filter>
    </ClInclude>
    <ClInclude Include="src\platform\iomap\LilyGO_T22.h">
      <Filter>Header Files</Filter>
    </ClInclude>
    <ClInclude Include="src\platform\iomap\LilyGO_T3.h">
      <Filter>Header Files</Filter>
    </ClInclude>
    <ClInclude Include="src\platform\iomap\LilyGO_T8S2.h">
      <Filter>Header Files</Filter>
    </ClInclude>
    <ClInclude Include="src\platform\iomap\LilyGO_TBeam_Supreme.h">
      <Filter>Header Files</Filter>
    </ClInclude>
    <ClInclude Include="src\platform\iomap\LilyGO_TMotion.h">
      <Filter>Header Files</Filter>
    </ClInclude>
    <ClInclude Include="src\platform\iomap\LilyGO_TTWR.h">
      <Filter>Header Files</Filter>
    </ClInclude>
    <ClInclude Include="src\platform\iomap\LilyGO_TWatch.h">
      <Filter>Header Files</Filter>
    </ClInclude>
    <ClInclude Include="src\platform\iomap\Olimex_STM32WL.h">
      <Filter>Header Files</Filter>
    </ClInclude>
    <ClInclude Include="src\platform\iomap\RAK_3172.h">
      <Filter>Header Files</Filter>
    </ClInclude>
    <ClInclude Include="src\protocol\data\D1090.h">
      <Filter>Header Files</Filter>
    </ClInclude>
    <ClInclude Include="src\protocol\data\GDL90.h">
      <Filter>Header Files</Filter>
    </ClInclude>
    <ClInclude Include="src\protocol\data\JSON.h">
      <Filter>Header Files</Filter>
    </ClInclude>
    <ClInclude Include="src\protocol\data\MAVLink.h">
      <Filter>Header Files</Filter>
    </ClInclude>
    <ClInclude Include="src\protocol\data\NMEA.h">
      <Filter>Header Files</Filter>
    </ClInclude>
    <ClInclude Include="src\protocol\radio\APRS.h">
      <Filter>Header Files</Filter>
    </ClInclude>
    <ClInclude Include="src\protocol\radio\ES1090.h">
      <Filter>Header Files</Filter>
    </ClInclude>
    <ClInclude Include="src\protocol\radio\FANET.h">
      <Filter>Header Files</Filter>
    </ClInclude>
    <ClInclude Include="src\protocol\radio\Legacy.h">
      <Filter>Header Files</Filter>
    </ClInclude>
    <ClInclude Include="src\protocol\radio\OGNTP.h">
      <Filter>Header Files</Filter>
    </ClInclude>
    <ClInclude Include="src\protocol\radio\P3I.h">
      <Filter>Header Files</Filter>
    </ClInclude>
    <ClInclude Include="src\protocol\radio\UAT978.h">
      <Filter>Header Files</Filter>
    </ClInclude>
    <ClInclude Include="src\system\OTA.h">
      <Filter>Header Files</Filter>
    </ClInclude>
    <ClInclude Include="src\system\Recorder.h">
      <Filter>Header Files</Filter>
    </ClInclude>
    <ClInclude Include="src\system\SoC.h">
      <Filter>Header Files</Filter>
    </ClInclude>
    <ClInclude Include="src\system\Time.h">
      <Filter>Header Files</Filter>
    </ClInclude>
    <ClInclude Include="src\ui\Web.h">
      <Filter>Header Files</Filter>
    </ClInclude>
  </ItemGroup>
  <ItemGroup>
    <ClCompile Include="AbstractModule.cpp">
      <Filter>Source Files</Filter>
    </ClCompile>
    <ClCompile Include="TFTMenu.cpp">
      <Filter>Source Files</Filter>
    </ClCompile>
    <ClCompile Include="TFTModule.cpp">
      <Filter>Source Files</Filter>
    </ClCompile>
    <ClCompile Include="TFTRus.cpp">
      <Filter>Source Files</Filter>
    </ClCompile>
    <ClCompile Include="src\Deprecated.cpp">
      <Filter>Source Files</Filter>
    </ClCompile>
    <ClCompile Include="src\Library.cpp">
      <Filter>Source Files</Filter>
    </ClCompile>
    <ClCompile Include="src\TrafficHelper.cpp">
      <Filter>Source Files</Filter>
    </ClCompile>
    <ClCompile Include="src\TTNHelper.cpp">
      <Filter>Source Files</Filter>
    </ClCompile>
    <ClCompile Include="src\driver\Baro.cpp">
      <Filter>Source Files</Filter>
    </ClCompile>
    <ClCompile Include="src\driver\Battery.cpp">
      <Filter>Source Files</Filter>
    </ClCompile>
    <ClCompile Include="src\driver\Bluetooth.cpp">
      <Filter>Source Files</Filter>
    </ClCompile>
    <ClCompile Include="src\driver\EEPROM.cpp">
      <Filter>Source Files</Filter>
    </ClCompile>
    <ClCompile Include="src\driver\EPD.cpp">
      <Filter>Source Files</Filter>
    </ClCompile>
    <ClCompile Include="src\driver\GNSS.cpp">
      <Filter>Source Files</Filter>
    </ClCompile>
    <ClCompile Include="src\driver\LED.cpp">
      <Filter>Source Files</Filter>
    </ClCompile>
    <ClCompile Include="src\driver\OLED.cpp">
      <Filter>Source Files</Filter>
    </ClCompile>
    <ClCompile Include="src\driver\RF.cpp">
      <Filter>Source Files</Filter>
    </ClCompile>
    <ClCompile Include="src\driver\Sound.cpp">
      <Filter>Source Files</Filter>
    </ClCompile>
    <ClCompile Include="src\driver\WiFi.cpp">
      <Filter>Source Files</Filter>
    </ClCompile>
    <ClCompile Include="src\platform\ASR66.cpp">
      <Filter>Source Files</Filter>
    </ClCompile>
    <ClCompile Include="src\platform\AVR.cpp">
      <Filter>Source Files</Filter>
    </ClCompile>
    <ClCompile Include="src\platform\CC13XX.cpp">
      <Filter>Source Files</Filter>
    </ClCompile>
    <ClCompile Include="src\platform\ESP32.cpp">
      <Filter>Source Files</Filter>
    </ClCompile>
    <ClCompile Include="src\platform\ESP8266.cpp">
      <Filter>Source Files</Filter>
    </ClCompile>
    <ClCompile Include="src\platform\LPC43.cpp">
      <Filter>Source Files</Filter>
    </ClCompile>
    <ClCompile Include="src\platform\nRF52.cpp">
      <Filter>Source Files</Filter>
    </ClCompile>
    <ClCompile Include="src\platform\PSoC4.cpp">
      <Filter>Source Files</Filter>
    </ClCompile>
    <ClCompile Include="src\platform\RP2040.cpp">
      <Filter>Source Files</Filter>
    </ClCompile>
    <ClCompile Include="src\platform\RPi.cpp">
      <Filter>Source Files</Filter>
    </ClCompile>
    <ClCompile Include="src\platform\SAMD.cpp">
      <Filter>Source Files</Filter>
    </ClCompile>
    <ClCompile Include="src\platform\STM32.cpp">
      <Filter>Source Files</Filter>
    </ClCompile>
    <ClCompile Include="src\protocol\data\D1090.cpp">
      <Filter>Source Files</Filter>
    </ClCompile>
    <ClCompile Include="src\protocol\data\GDL90.cpp">
      <Filter>Source Files</Filter>
    </ClCompile>
    <ClCompile Include="src\protocol\data\JSON.cpp">
      <Filter>Source Files</Filter>
    </ClCompile>
    <ClCompile Include="src\protocol\data\MAVLink.cpp">
      <Filter>Source Files</Filter>
    </ClCompile>
    <ClCompile Include="src\protocol\data\NMEA.cpp">
      <Filter>Source Files</Filter>
    </ClCompile>
    <ClCompile Include="src\protocol\radio\APRS.cpp">
      <Filter>Source Files</Filter>
    </ClCompile>
    <ClCompile Include="src\protocol\radio\ES1090.cpp">
      <Filter>Source Files</Filter>
    </ClCompile>
    <ClCompile Include="src\protocol\radio\FANET.cpp">
      <Filter>Source Files</Filter>
    </ClCompile>
    <ClCompile Include="src\protocol\radio\Legacy.cpp">
      <Filter>Source Files</Filter>
    </ClCompile>
    <ClCompile Include="src\protocol\radio\OGNTP.cpp">
      <Filter>Source Files</Filter>
    </ClCompile>
    <ClCompile Include="src\protocol\radio\P3I.cpp">
      <Filter>Source Files</Filter>
    </ClCompile>
    <ClCompile Include="src\protocol\radio\UAT978.cpp">
      <Filter>Source Files</Filter>
    </ClCompile>
    <ClCompile Include="src\system\OTA.cpp">
      <Filter>Source Files</Filter>
    </ClCompile>
    <ClCompile Include="src\system\Recorder.cpp">
      <Filter>Source Files</Filter>
    </ClCompile>
    <ClCompile Include="src\system\SoC.cpp">
      <Filter>Source Files</Filter>
    </ClCompile>
    <ClCompile Include="src\system\Time.cpp">
      <Filter>Source Files</Filter>
    </ClCompile>
    <ClCompile Include="src\ui\Baro_EPD.cpp">
      <Filter>Source Files</Filter>
    </ClCompile>
    <ClCompile Include="src\ui\IMU_EPD.cpp">
      <Filter>Source Files</Filter>
    </ClCompile>
    <ClCompile Include="src\ui\Radar_EPD.cpp">
      <Filter>Source Files</Filter>
    </ClCompile>
    <ClCompile Include="src\ui\Status_EPD.cpp">
      <Filter>Source Files</Filter>
    </ClCompile>
    <ClCompile Include="src\ui\Text_EPD.cpp">
      <Filter>Source Files</Filter>
    </ClCompile>
    <ClCompile Include="src\ui\Time_EPD.cpp">
      <Filter>Source Files</Filter>
    </ClCompile>
    <ClCompile Include="src\ui\Web.cpp">
      <Filter>Source Files</Filter>
    </ClCompile>
  </ItemGroup>
</Project>