
Microsoft Visual Studio Solution File, Format Version 12.00
# Visual Studio Version 16
VisualStudioVersion = 16.0.36107.64
MinimumVisualStudioVersion = 10.0.40219.1
Project("{8BC9CEB8-8B4A-11D0-8D11-00A0C91BC942}") = "ADSB_AITunnel_25_08_05_01", "ADSB_AITunnel_25_08_05_01.vcxproj", "{D87BDA0B-453A-4747-93C2-DF795D176239}"
EndProject
Global
	GlobalSection(SolutionConfigurationPlatforms) = preSolution
		Debug|ARM = Debug|ARM
		Debug|ARM64 = Debug|ARM64
		Release|ARM = Release|ARM
		Release|ARM64 = Release|ARM64
	EndGlobalSection
	GlobalSection(ProjectConfigurationPlatforms) = postSolution
		{D87BDA0B-453A-4747-93C2-DF795D176239}.Debug|ARM.ActiveCfg = Debug|ARM
		{D87BDA0B-453A-4747-93C2-DF795D176239}.Debug|ARM.Build.0 = Debug|ARM
		{D87BDA0B-453A-4747-93C2-DF795D176239}.Debug|ARM.Deploy.0 = Debug|ARM
		{D87BDA0B-453A-4747-93C2-DF795D176239}.Debug|ARM64.ActiveCfg = Debug|ARM64
		{D87BDA0B-453A-4747-93C2-DF795D176239}.Debug|ARM64.Build.0 = Debug|ARM64
		{D87BDA0B-453A-4747-93C2-DF795D176239}.Debug|ARM64.Deploy.0 = Debug|ARM64
		{D87BDA0B-453A-4747-93C2-DF795D176239}.Release|ARM.ActiveCfg = Release|ARM
		{D87BDA0B-453A-4747-93C2-DF795D176239}.Release|ARM.Build.0 = Release|ARM
		{D87BDA0B-453A-4747-93C2-DF795D176239}.Release|ARM.Deploy.0 = Release|ARM
		{D87BDA0B-453A-4747-93C2-DF795D176239}.Release|ARM64.ActiveCfg = Release|ARM64
		{D87BDA0B-453A-4747-93C2-DF795D176239}.Release|ARM64.Build.0 = Release|ARM64
		{D87BDA0B-453A-4747-93C2-DF795D176239}.Release|ARM64.Deploy.0 = Release|ARM64
	EndGlobalSection
	GlobalSection(SolutionProperties) = preSolution
		HideSolutionNode = FALSE
	EndGlobalSection
	GlobalSection(ExtensibilityGlobals) = postSolution
		SolutionGuid = {83211270-BD87-477F-9428-9F76BD68A785}
	EndGlobalSection
EndGlobal
