<?xml version="1.0" encoding="utf-8"?>
<Project ToolsVersion="4.0" xmlns="http://schemas.microsoft.com/developer/msbuild/2003">
  <ItemGroup>
    <Filter Include="Source Files">
      <UniqueIdentifier>{4FC737F1-C7A5-4376-A066-2A32D752A2FF}</UniqueIdentifier>
      <Extensions>cpp;c;cc;cxx;def;odl;idl;hpj;bat;asm;asmx</Extensions>
    </Filter>
    <Filter Include="Header Files">
      <UniqueIdentifier>{93995380-89BD-4b04-88EB-625FBE52EBFB}</UniqueIdentifier>
      <Extensions>h;hh;hpp;hxx;hm;inl;inc;xsd</Extensions>
    </Filter>
    <Filter Include="Resource Files">
      <UniqueIdentifier>{67DA6AB6-F800-4c08-8B7A-83BB121AAD01}</UniqueIdentifier>
      <Extensions>rc;ico;cur;bmp;dlg;rc2;rct;bin;rgs;gif;jpg;jpeg;jpe;resx;tiff;tif;png;wav;mfcribbon-ms</Extensions>
    </Filter>
  </ItemGroup>
  <ItemGroup>
    <ClCompile Include="FlyRf_Base_26_04_03_01.ino" />
    <ClCompile Include="Container.cpp">
      <Filter>Source Files</Filter>
    </ClCompile>
    <ClCompile Include="Container.h">
      <Filter>Header Files</Filter>
    </ClCompile>
    <ClCompile Include="DeviceInfo.cpp">
      <Filter>Source Files</Filter>
    </ClCompile>
    <ClCompile Include="DeviceInfo.h">
      <Filter>Header Files</Filter>
    </ClCompile>
    <ClCompile Include="EEPROMRF.cpp">
      <Filter>Source Files</Filter>
    </ClCompile>
    <ClCompile Include="EEPROMRF.h">
      <Filter>Header Files</Filter>
    </ClCompile>
    <ClCompile Include="ESP32RF.cpp">
      <Filter>Source Files</Filter>
    </ClCompile>
    <ClCompile Include="ESP32RF.h">
      <Filter>Header Files</Filter>
    </ClCompile>
    <ClCompile Include="FlarmDecoder.cpp">
      <Filter>Source Files</Filter>
    </ClCompile>
    <ClCompile Include="FlarmDecoder.h">
      <Filter>Header Files</Filter>
    </ClCompile>
    <ClCompile Include="FlyRfSpi.cpp">
      <Filter>Source Files</Filter>
    </ClCompile>
    <ClCompile Include="FlyRfSpi.h">
      <Filter>Header Files</Filter>
    </ClCompile>
    <ClCompile Include="Legacy.cpp">
      <Filter>Source Files</Filter>
    </ClCompile>
    <ClCompile Include="Legacy.h">
      <Filter>Header Files</Filter>
    </ClCompile>
    <ClCompile Include="Log.cpp">
      <Filter>Source Files</Filter>
    </ClCompile>
    <ClCompile Include="Log.h">
      <Filter>Header Files</Filter>
    </ClCompile>
    <ClCompile Include="NMEA.cpp">
      <Filter>Source Files</Filter>
    </ClCompile>
    <ClCompile Include="NMEA.h">
      <Filter>Header Files</Filter>
    </ClCompile>
    <ClCompile Include="OGNTP.cpp">
      <Filter>Source Files</Filter>
    </ClCompile>
    <ClCompile Include="OGNTP.h">
      <Filter>Header Files</Filter>
    </ClCompile>
    <ClCompile Include="OTA.cpp">
      <Filter>Source Files</Filter>
    </ClCompile>
    <ClCompile Include="OTA.h">
      <Filter>Header Files</Filter>
    </ClCompile>
    <ClCompile Include="RF.cpp">
      <Filter>Source Files</Filter>
    </ClCompile>
    <ClCompile Include="RF.h">
      <Filter>Header Files</Filter>
    </ClCompile>
    <ClCompile Include="RF_Simple.cpp">
      <Filter>Source Files</Filter>
    </ClCompile>
    <ClCompile Include="RF_Simple.h">
      <Filter>Header Files</Filter>
    </ClCompile>
    <ClCompile Include="RP2040Bridge.cpp">
      <Filter>Source Files</Filter>
    </ClCompile>
    <ClCompile Include="RP2040Bridge.h">
      <Filter>Header Files</Filter>
    </ClCompile>
    <ClCompile Include="RS485Display.cpp">
      <Filter>Source Files</Filter>
    </ClCompile>
    <ClCompile Include="RS485Display.h">
      <Filter>Header Files</Filter>
    </ClCompile>
    <ClCompile Include="System.cpp">
      <Filter>Source Files</Filter>
    </ClCompile>
    <ClCompile Include="System.h">
      <Filter>Header Files</Filter>
    </ClCompile>
    <ClCompile Include="TrafficDB.h">
      <Filter>Header Files</Filter>
    </ClCompile>
    <ClCompile Include="TrafficTypes.h">
      <Filter>Header Files</Filter>
    </ClCompile>
    <ClCompile Include="WebRF.cpp">
      <Filter>Source Files</Filter>
    </ClCompile>
    <ClCompile Include="WebRF.h">
      <Filter>Header Files</Filter>
    </ClCompile>
    <ClCompile Include="WiFiRF.cpp">
      <Filter>Source Files</Filter>
    </ClCompile>
    <ClCompile Include="WiFiRF.h">
      <Filter>Header Files</Filter>
    </ClCompile>
  </ItemGroup>
  <ItemGroup>
    <ClInclude Include="__vm\.FlyRf_Base_26_04_03_01.vsarduino.h">
      <Filter>Header Files</Filter>
    </ClInclude>
  </ItemGroup>
</Project>