
Microsoft Visual Studio Solution File, Format Version 12.00
# Visual Studio Version 16
VisualStudioVersion = 16.0.36107.64
MinimumVisualStudioVersion = 10.0.40219.1
Project("{8BC9CEB8-8B4A-11D0-8D11-00A0C91BC942}") = "ADSB_TWO_25_08_26_02", "ADSB_TWO_25_08_26_02.vcxproj", "{61CF8D6A-8269-472E-A0B0-8E0783A664EE}"
EndProject
Global
	GlobalSection(SolutionConfigurationPlatforms) = preSolution
		Debug|ARM = Debug|ARM
		Debug|ARM64 = Debug|ARM64
		Release|ARM = Release|ARM
		Release|ARM64 = Release|ARM64
	EndGlobalSection
	GlobalSection(ProjectConfigurationPlatforms) = postSolution
		{61CF8D6A-8269-472E-A0B0-8E0783A664EE}.Debug|ARM.ActiveCfg = Debug|ARM
		{61CF8D6A-8269-472E-A0B0-8E0783A664EE}.Debug|ARM.Build.0 = Debug|ARM
		{61CF8D6A-8269-472E-A0B0-8E0783A664EE}.Debug|ARM.Deploy.0 = Debug|ARM
		{61CF8D6A-8269-472E-A0B0-8E0783A664EE}.Debug|ARM64.ActiveCfg = Debug|ARM64
		{61CF8D6A-8269-472E-A0B0-8E0783A664EE}.Debug|ARM64.Build.0 = Debug|ARM64
		{61CF8D6A-8269-472E-A0B0-8E0783A664EE}.Debug|ARM64.Deploy.0 = Debug|ARM64
		{61CF8D6A-8269-472E-A0B0-8E0783A664EE}.Release|ARM.ActiveCfg = Release|ARM
		{61CF8D6A-8269-472E-A0B0-8E0783A664EE}.Release|ARM.Build.0 = Release|ARM
		{61CF8D6A-8269-472E-A0B0-8E0783A664EE}.Release|ARM.Deploy.0 = Release|ARM
		{61CF8D6A-8269-472E-A0B0-8E0783A664EE}.Release|ARM64.ActiveCfg = Release|ARM64
		{61CF8D6A-8269-472E-A0B0-8E0783A664EE}.Release|ARM64.Build.0 = Release|ARM64
		{61CF8D6A-8269-472E-A0B0-8E0783A664EE}.Release|ARM64.Deploy.0 = Release|ARM64
	EndGlobalSection
	GlobalSection(SolutionProperties) = preSolution
		HideSolutionNode = FALSE
	EndGlobalSection
	GlobalSection(ExtensibilityGlobals) = postSolution
		SolutionGuid = {78B63D64-8434-4FCC-A386-2E89065598A1}
	EndGlobalSection
EndGlobal
