
Microsoft Visual Studio Solution File, Format Version 12.00
# Visual Studio Version 16
VisualStudioVersion = 16.0.36107.64
MinimumVisualStudioVersion = 10.0.40219.1
Project("{8BC9CEB8-8B4A-11D0-8D11-00A0C91BC942}") = "SX1262_raw_25_05_16_01", "SX1262_raw_25_05_16_01.vcxproj", "{DCA34521-7E02-430B-945E-F86E524D5381}"
EndProject
Global
	GlobalSection(SolutionConfigurationPlatforms) = preSolution
		Debug|ARM = Debug|ARM
		Debug|ARM64 = Debug|ARM64
		Release|ARM = Release|ARM
		Release|ARM64 = Release|ARM64
	EndGlobalSection
	GlobalSection(ProjectConfigurationPlatforms) = postSolution
		{DCA34521-7E02-430B-945E-F86E524D5381}.Debug|ARM.ActiveCfg = Debug|ARM
		{DCA34521-7E02-430B-945E-F86E524D5381}.Debug|ARM.Build.0 = Debug|ARM
		{DCA34521-7E02-430B-945E-F86E524D5381}.Debug|ARM.Deploy.0 = Debug|ARM
		{DCA34521-7E02-430B-945E-F86E524D5381}.Debug|ARM64.ActiveCfg = Debug|ARM64
		{DCA34521-7E02-430B-945E-F86E524D5381}.Debug|ARM64.Build.0 = Debug|ARM64
		{DCA34521-7E02-430B-945E-F86E524D5381}.Debug|ARM64.Deploy.0 = Debug|ARM64
		{DCA34521-7E02-430B-945E-F86E524D5381}.Release|ARM.ActiveCfg = Release|ARM
		{DCA34521-7E02-430B-945E-F86E524D5381}.Release|ARM.Build.0 = Release|ARM
		{DCA34521-7E02-430B-945E-F86E524D5381}.Release|ARM.Deploy.0 = Release|ARM
		{DCA34521-7E02-430B-945E-F86E524D5381}.Release|ARM64.ActiveCfg = Release|ARM64
		{DCA34521-7E02-430B-945E-F86E524D5381}.Release|ARM64.Build.0 = Release|ARM64
		{DCA34521-7E02-430B-945E-F86E524D5381}.Release|ARM64.Deploy.0 = Release|ARM64
	EndGlobalSection
	GlobalSection(SolutionProperties) = preSolution
		HideSolutionNode = FALSE
	EndGlobalSection
	GlobalSection(ExtensibilityGlobals) = postSolution
		SolutionGuid = {09B8A3D7-BA01-4279-A634-0C7717CE6021}
	EndGlobalSection
EndGlobal
