
Microsoft Visual Studio Solution File, Format Version 12.00
# Visual Studio Version 16
VisualStudioVersion = 16.0.36107.64
MinimumVisualStudioVersion = 10.0.40219.1
Project("{8BC9CEB8-8B4A-11D0-8D11-00A0C91BC942}") = "Test_Disp_25_11_08_00", "Test_Disp_25_11_08_00.vcxproj", "{AD8989B9-D81E-4A0E-84D5-FD7EBEC11544}"
EndProject
Global
	GlobalSection(SolutionConfigurationPlatforms) = preSolution
		Debug|ARM = Debug|ARM
		Debug|ARM64 = Debug|ARM64
		Release|ARM = Release|ARM
		Release|ARM64 = Release|ARM64
	EndGlobalSection
	GlobalSection(ProjectConfigurationPlatforms) = postSolution
		{AD8989B9-D81E-4A0E-84D5-FD7EBEC11544}.Debug|ARM.ActiveCfg = Debug|ARM
		{AD8989B9-D81E-4A0E-84D5-FD7EBEC11544}.Debug|ARM.Build.0 = Debug|ARM
		{AD8989B9-D81E-4A0E-84D5-FD7EBEC11544}.Debug|ARM.Deploy.0 = Debug|ARM
		{AD8989B9-D81E-4A0E-84D5-FD7EBEC11544}.Debug|ARM64.ActiveCfg = Debug|ARM64
		{AD8989B9-D81E-4A0E-84D5-FD7EBEC11544}.Debug|ARM64.Build.0 = Debug|ARM64
		{AD8989B9-D81E-4A0E-84D5-FD7EBEC11544}.Debug|ARM64.Deploy.0 = Debug|ARM64
		{AD8989B9-D81E-4A0E-84D5-FD7EBEC11544}.Release|ARM.ActiveCfg = Release|ARM
		{AD8989B9-D81E-4A0E-84D5-FD7EBEC11544}.Release|ARM.Build.0 = Release|ARM
		{AD8989B9-D81E-4A0E-84D5-FD7EBEC11544}.Release|ARM.Deploy.0 = Release|ARM
		{AD8989B9-D81E-4A0E-84D5-FD7EBEC11544}.Release|ARM64.ActiveCfg = Release|ARM64
		{AD8989B9-D81E-4A0E-84D5-FD7EBEC11544}.Release|ARM64.Build.0 = Release|ARM64
		{AD8989B9-D81E-4A0E-84D5-FD7EBEC11544}.Release|ARM64.Deploy.0 = Release|ARM64
	EndGlobalSection
	GlobalSection(SolutionProperties) = preSolution
		HideSolutionNode = FALSE
	EndGlobalSection
	GlobalSection(ExtensibilityGlobals) = postSolution
		SolutionGuid = {714F2105-B511-48A5-B9E2-FF497B23BC3A}
	EndGlobalSection
EndGlobal
