<?xml version="1.0" encoding="utf-8"?>
<Project ToolsVersion="4.0" xmlns="http://schemas.microsoft.com/developer/msbuild/2003">
  <ItemGroup>
    <Filter Include="Source Files">
      <UniqueIdentifier>{4FC737F1-C7A5-4376-A066-2A32D752A2FF}</UniqueIdentifier>
      <Extensions>cpp;c;cc;cxx;def;odl;idl;hpj;bat;asm;asmx</Extensions>
    </Filter>
    <Filter Include="Header Files">
      <UniqueIdentifier>{93995380-89BD-4b04-88EB-625FBE52EBFB}</UniqueIdentifier>
      <Extensions>h;hh;hpp;hxx;hm;inl;inc;xsd</Extensions>
    </Filter>
    <Filter Include="Resource Files">
      <UniqueIdentifier>{67DA6AB6-F800-4c08-8B7A-83BB121AAD01}</UniqueIdentifier>
      <Extensions>rc;ico;cur;bmp;dlg;rc2;rct;bin;rgs;gif;jpg;jpeg;jpe;resx;tiff;tif;png;wav;mfcribbon-ms</Extensions>
    </Filter>
  </ItemGroup>
  <ItemGroup>
    <None Include="FlyRf_S_24_12_28_N01.ino" />
  </ItemGroup>
  <ItemGroup>
    <ClInclude Include="__vm\.FlyRf_S_24_12_28_N01.vsarduino.h">
      <Filter>Header Files</Filter>
    </ClInclude>
    <ClInclude Include="Baro.h">
      <Filter>Header Files</Filter>
    </ClInclude>
    <ClInclude Include="Bluetooth.h">
      <Filter>Header Files</Filter>
    </ClInclude>
    <ClInclude Include="build_opt.h">
      <Filter>Header Files</Filter>
    </ClInclude>
    <ClInclude Include="Configuration_ESP32.h">
      <Filter>Header Files</Filter>
    </ClInclude>
    <ClInclude Include="CoreCommandBuffer.h">
      <Filter>Header Files</Filter>
    </ClInclude>
    <ClInclude Include="D1090.h">
      <Filter>Header Files</Filter>
    </ClInclude>
    <ClInclude Include="EEPROMRF.h">
      <Filter>Header Files</Filter>
    </ClInclude>
    <ClInclude Include="ES1090.h">
      <Filter>Header Files</Filter>
    </ClInclude>
    <ClInclude Include="ESP32RF.h">
      <Filter>Header Files</Filter>
    </ClInclude>
    <ClInclude Include="GNSS.h">
      <Filter>Header Files</Filter>
    </ClInclude>
    <ClInclude Include="Legacy.h">
      <Filter>Header Files</Filter>
    </ClInclude>
    <ClInclude Include="Module1090.h">
      <Filter>Header Files</Filter>
    </ClInclude>
    <ClInclude Include="NMEA.h">
      <Filter>Header Files</Filter>
    </ClInclude>
    <ClInclude Include="NotoSansBold15.h">
      <Filter>Header Files</Filter>
    </ClInclude>
    <ClInclude Include="NotoSansMonoSCB20.h">
      <Filter>Header Files</Filter>
    </ClInclude>
    <ClInclude Include="OGNTP.h">
      <Filter>Header Files</Filter>
    </ClInclude>
    <ClInclude Include="OLED.h">
      <Filter>Header Files</Filter>
    </ClInclude>
    <ClInclude Include="OTA.h">
      <Filter>Header Files</Filter>
    </ClInclude>
    <ClInclude Include="RF.h">
      <Filter>Header Files</Filter>
    </ClInclude>
    <ClInclude Include="ServiceMain.h">
      <Filter>Header Files</Filter>
    </ClInclude>
    <ClInclude Include="SoC.h">
      <Filter>Header Files</Filter>
    </ClInclude>
    <ClInclude Include="SoftRF.h">
      <Filter>Header Files</Filter>
    </ClInclude>
    <ClInclude Include="TimeRF.h">
      <Filter>Header Files</Filter>
    </ClInclude>
    <ClInclude Include="TinyVector.h">
      <Filter>Header Files</Filter>
    </ClInclude>
    <ClInclude Include="TrafficHelper.h">
      <Filter>Header Files</Filter>
    </ClInclude>
    <ClInclude Include="WebRF.h">
      <Filter>Header Files</Filter>
    </ClInclude>
    <ClInclude Include="WiFiRF.h">
      <Filter>Header Files</Filter>
    </ClInclude>
  </ItemGroup>
  <ItemGroup>
    <ClCompile Include="Baro.cpp">
      <Filter>Source Files</Filter>
    </ClCompile>
    <ClCompile Include="Bluetooth.cpp">
      <Filter>Source Files</Filter>
    </ClCompile>
    <ClCompile Include="CoreCommandBuffer.cpp">
      <Filter>Source Files</Filter>
    </ClCompile>
    <ClCompile Include="D1090.cpp">
      <Filter>Source Files</Filter>
    </ClCompile>
    <ClCompile Include="EEPROMRF.cpp">
      <Filter>Source Files</Filter>
    </ClCompile>
    <ClCompile Include="ES1090.cpp">
      <Filter>Source Files</Filter>
    </ClCompile>
    <ClCompile Include="ESP32RF.cpp">
      <Filter>Source Files</Filter>
    </ClCompile>
    <ClCompile Include="GNSS.cpp">
      <Filter>Source Files</Filter>
    </ClCompile>
    <ClCompile Include="Legacy.cpp">
      <Filter>Source Files</Filter>
    </ClCompile>
    <ClCompile Include="Module1090.cpp">
      <Filter>Source Files</Filter>
    </ClCompile>
    <ClCompile Include="NMEA.cpp">
      <Filter>Source Files</Filter>
    </ClCompile>
    <ClCompile Include="OGNTP.cpp">
      <Filter>Source Files</Filter>
    </ClCompile>
    <ClCompile Include="OLED.cpp">
      <Filter>Source Files</Filter>
    </ClCompile>
    <ClCompile Include="OTA.cpp">
      <Filter>Source Files</Filter>
    </ClCompile>
    <ClCompile Include="RF.cpp">
      <Filter>Source Files</Filter>
    </ClCompile>
    <ClCompile Include="ServiceMain.cpp">
      <Filter>Source Files</Filter>
    </ClCompile>
    <ClCompile Include="SoC.cpp">
      <Filter>Source Files</Filter>
    </ClCompile>
    <ClCompile Include="TimeRF.cpp">
      <Filter>Source Files</Filter>
    </ClCompile>
    <ClCompile Include="TrafficHelper.cpp">
      <Filter>Source Files</Filter>
    </ClCompile>
    <ClCompile Include="WebRF.cpp">
      <Filter>Source Files</Filter>
    </ClCompile>
    <ClCompile Include="WiFiRF.cpp">
      <Filter>Source Files</Filter>
    </ClCompile>
  </ItemGroup>
</Project>