
Microsoft Visual Studio Solution File, Format Version 12.00
# Visual Studio Version 16
VisualStudioVersion = 16.0.33920.266
MinimumVisualStudioVersion = 10.0.40219.1
Project("{8BC9CEB8-8B4A-11D0-8D11-00A0C91BC942}") = "TFT_ST7735_23_09_22_03", "TFT_ST7735_23_09_22_03.vcxproj", "{5EE594E5-45BE-48B6-AE66-BD9B3B520EFF}"
EndProject
Global
	GlobalSection(SolutionConfigurationPlatforms) = preSolution
		Debug|ARM = Debug|ARM
		Debug|ARM64 = Debug|ARM64
		Release|ARM = Release|ARM
		Release|ARM64 = Release|ARM64
	EndGlobalSection
	GlobalSection(ProjectConfigurationPlatforms) = postSolution
		{5EE594E5-45BE-48B6-AE66-BD9B3B520EFF}.Debug|ARM.ActiveCfg = Debug|ARM
		{5EE594E5-45BE-48B6-AE66-BD9B3B520EFF}.Debug|ARM.Build.0 = Debug|ARM
		{5EE594E5-45BE-48B6-AE66-BD9B3B520EFF}.Debug|ARM.Deploy.0 = Debug|ARM
		{5EE594E5-45BE-48B6-AE66-BD9B3B520EFF}.Debug|ARM64.ActiveCfg = Debug|ARM64
		{5EE594E5-45BE-48B6-AE66-BD9B3B520EFF}.Debug|ARM64.Build.0 = Debug|ARM64
		{5EE594E5-45BE-48B6-AE66-BD9B3B520EFF}.Debug|ARM64.Deploy.0 = Debug|ARM64
		{5EE594E5-45BE-48B6-AE66-BD9B3B520EFF}.Release|ARM.ActiveCfg = Release|ARM
		{5EE594E5-45BE-48B6-AE66-BD9B3B520EFF}.Release|ARM.Build.0 = Release|ARM
		{5EE594E5-45BE-48B6-AE66-BD9B3B520EFF}.Release|ARM.Deploy.0 = Release|ARM
		{5EE594E5-45BE-48B6-AE66-BD9B3B520EFF}.Release|ARM64.ActiveCfg = Release|ARM64
		{5EE594E5-45BE-48B6-AE66-BD9B3B520EFF}.Release|ARM64.Build.0 = Release|ARM64
		{5EE594E5-45BE-48B6-AE66-BD9B3B520EFF}.Release|ARM64.Deploy.0 = Release|ARM64
	EndGlobalSection
	GlobalSection(SolutionProperties) = preSolution
		HideSolutionNode = FALSE
	EndGlobalSection
	GlobalSection(ExtensibilityGlobals) = postSolution
		SolutionGuid = {58F342F2-8B6D-49E2-8197-2165615668AA}
	EndGlobalSection
EndGlobal
