<?xml version="1.0" encoding="utf-8"?>
<Project ToolsVersion="4.0" xmlns="http://schemas.microsoft.com/developer/msbuild/2003">
  <ItemGroup>
    <Filter Include="Source Files">
      <UniqueIdentifier>{4FC737F1-C7A5-4376-A066-2A32D752A2FF}</UniqueIdentifier>
      <Extensions>cpp;c;cc;cxx;def;odl;idl;hpj;bat;asm;asmx</Extensions>
    </Filter>
    <Filter Include="Header Files">
      <UniqueIdentifier>{93995380-89BD-4b04-88EB-625FBE52EBFB}</UniqueIdentifier>
      <Extensions>h;hh;hpp;hxx;hm;inl;inc;xsd</Extensions>
    </Filter>
    <Filter Include="Resource Files">
      <UniqueIdentifier>{67DA6AB6-F800-4c08-8B7A-83BB121AAD01}</UniqueIdentifier>
      <Extensions>rc;ico;cur;bmp;dlg;rc2;rct;bin;rgs;gif;jpg;jpeg;jpe;resx;tiff;tif;png;wav;mfcribbon-ms</Extensions>
    </Filter>
  </ItemGroup>
  <ItemGroup>
    <None Include="FlyRf24_06_09_06.ino" />
  </ItemGroup>
  <ItemGroup>
    <ClInclude Include="__vm\.FlyRf24_06_09_06.vsarduino.h">
      <Filter>Header Files</Filter>
    </ClInclude>
    <ClInclude Include="AbstractModule.h">
      <Filter>Header Files</Filter>
    </ClInclude>
    <ClInclude Include="AiThinker_C3_12F.h">
      <Filter>Header Files</Filter>
    </ClInclude>
    <ClInclude Include="APRS.h">
      <Filter>Header Files</Filter>
    </ClInclude>
    <ClInclude Include="ASR66.h">
      <Filter>Header Files</Filter>
    </ClInclude>
    <ClInclude Include="AVR.h">
      <Filter>Header Files</Filter>
    </ClInclude>
    <ClInclude Include="Baro.h">
      <Filter>Header Files</Filter>
    </ClInclude>
    <ClInclude Include="BatteryRF.h">
      <Filter>Header Files</Filter>
    </ClInclude>
    <ClInclude Include="BigRusFont.h">
      <Filter>Header Files</Filter>
    </ClInclude>
    <ClInclude Include="Bluetooth.h">
      <Filter>Header Files</Filter>
    </ClInclude>
    <ClInclude Include="Blue_Pill.h">
      <Filter>Header Files</Filter>
    </ClInclude>
    <ClInclude Include="build_opt.h">
      <Filter>Header Files</Filter>
    </ClInclude>
    <ClInclude Include="CC13XX.h">
      <Filter>Header Files</Filter>
    </ClInclude>
    <ClInclude Include="Configuration_ESP32.h">
      <Filter>Header Files</Filter>
    </ClInclude>
    <ClInclude Include="CoreButton.h">
      <Filter>Header Files</Filter>
    </ClInclude>
    <ClInclude Include="CoreCommandBuffer.h">
      <Filter>Header Files</Filter>
    </ClInclude>
    <ClInclude Include="D1090.h">
      <Filter>Header Files</Filter>
    </ClInclude>
    <ClInclude Include="EEPROMRF.h">
      <Filter>Header Files</Filter>
    </ClInclude>
    <ClInclude Include="EPD.h">
      <Filter>Header Files</Filter>
    </ClInclude>
    <ClInclude Include="ES1090.h">
      <Filter>Header Files</Filter>
    </ClInclude>
    <ClInclude Include="ESP32RF.h">
      <Filter>Header Files</Filter>
    </ClInclude>
    <ClInclude Include="ESP8266.h">
      <Filter>Header Files</Filter>
    </ClInclude>
    <ClInclude Include="FANET.h">
      <Filter>Header Files</Filter>
    </ClInclude>
    <ClInclude Include="GDL90.h">
      <Filter>Header Files</Filter>
    </ClInclude>
    <ClInclude Include="GNSS.h">
      <Filter>Header Files</Filter>
    </ClInclude>
    <ClInclude Include="hal_conf_extra.h">
      <Filter>Header Files</Filter>
    </ClInclude>
    <ClInclude Include="Heltec_Tracker.h">
      <Filter>Header Files</Filter>
    </ClInclude>
    <ClInclude Include="JSON.h">
      <Filter>Header Files</Filter>
    </ClInclude>
    <ClInclude Include="LED.h">
      <Filter>Header Files</Filter>
    </ClInclude>
    <ClInclude Include="Legacy.h">
      <Filter>Header Files</Filter>
    </ClInclude>
    <ClInclude Include="LilyGO_T22.h">
      <Filter>Header Files</Filter>
    </ClInclude>
    <ClInclude Include="LilyGO_T3.h">
      <Filter>Header Files</Filter>
    </ClInclude>
    <ClInclude Include="LilyGO_T8S2.h">
      <Filter>Header Files</Filter>
    </ClInclude>
    <ClInclude Include="LilyGO_TBeam_Supreme.h">
      <Filter>Header Files</Filter>
    </ClInclude>
    <ClInclude Include="LilyGO_TMotion.h">
      <Filter>Header Files</Filter>
    </ClInclude>
    <ClInclude Include="LilyGO_TTWR.h">
      <Filter>Header Files</Filter>
    </ClInclude>
    <ClInclude Include="LilyGO_TWatch.h">
      <Filter>Header Files</Filter>
    </ClInclude>
    <ClInclude Include="Logo.h">
      <Filter>Header Files</Filter>
    </ClInclude>
    <ClInclude Include="LPC43.h">
      <Filter>Header Files</Filter>
    </ClInclude>
    <ClInclude Include="MAVLinkRF.h">
      <Filter>Header Files</Filter>
    </ClInclude>
    <ClInclude Include="Memory.h">
      <Filter>Header Files</Filter>
    </ClInclude>
    <ClInclude Include="NMEA.h">
      <Filter>Header Files</Filter>
    </ClInclude>
    <ClInclude Include="NotoSansBold15.h">
      <Filter>Header Files</Filter>
    </ClInclude>
    <ClInclude Include="NotoSansMonoSCB20.h">
      <Filter>Header Files</Filter>
    </ClInclude>
    <ClInclude Include="nRF52.h">
      <Filter>Header Files</Filter>
    </ClInclude>
    <ClInclude Include="OGNTP.h">
      <Filter>Header Files</Filter>
    </ClInclude>
    <ClInclude Include="OLED.h">
      <Filter>Header Files</Filter>
    </ClInclude>
    <ClInclude Include="Olimex_STM32WL.h">
      <Filter>Header Files</Filter>
    </ClInclude>
    <ClInclude Include="OTA.h">
      <Filter>Header Files</Filter>
    </ClInclude>
    <ClInclude Include="P3I.h">
      <Filter>Header Files</Filter>
    </ClInclude>
    <ClInclude Include="PSoC4.h">
      <Filter>Header Files</Filter>
    </ClInclude>
    <ClInclude Include="RAK_3172.h">
      <Filter>Header Files</Filter>
    </ClInclude>
    <ClInclude Include="Recorder.h">
      <Filter>Header Files</Filter>
    </ClInclude>
    <ClInclude Include="RF.h">
      <Filter>Header Files</Filter>
    </ClInclude>
    <ClInclude Include="RP2040.h">
      <Filter>Header Files</Filter>
    </ClInclude>
    <ClInclude Include="RPi.h">
      <Filter>Header Files</Filter>
    </ClInclude>
    <ClInclude Include="RusFont.h">
      <Filter>Header Files</Filter>
    </ClInclude>
    <ClInclude Include="SAMD.h">
      <Filter>Header Files</Filter>
    </ClInclude>
    <ClInclude Include="SettingsMail.h">
      <Filter>Header Files</Filter>
    </ClInclude>
    <ClInclude Include="SmallRusFont.h">
      <Filter>Header Files</Filter>
    </ClInclude>
    <ClInclude Include="SoC.h">
      <Filter>Header Files</Filter>
    </ClInclude>
    <ClInclude Include="SoftRF.h">
      <Filter>Header Files</Filter>
    </ClInclude>
    <ClInclude Include="Sound.h">
      <Filter>Header Files</Filter>
    </ClInclude>
    <ClInclude Include="STM32.h">
      <Filter>Header Files</Filter>
    </ClInclude>
    <ClInclude Include="TFTMenu.h">
      <Filter>Header Files</Filter>
    </ClInclude>
    <ClInclude Include="TFTModule.h">
      <Filter>Header Files</Filter>
    </ClInclude>
    <ClInclude Include="TFTRus.h">
      <Filter>Header Files</Filter>
    </ClInclude>
    <ClInclude Include="TFT_Includes.h">
      <Filter>Header Files</Filter>
    </ClInclude>
    <ClInclude Include="TimeRF.h">
      <Filter>Header Files</Filter>
    </ClInclude>
    <ClInclude Include="TinyVector.h">
      <Filter>Header Files</Filter>
    </ClInclude>
    <ClInclude Include="TrafficHelper.h">
      <Filter>Header Files</Filter>
    </ClInclude>
    <ClInclude Include="TTNHelper.h">
      <Filter>Header Files</Filter>
    </ClInclude>
    <ClInclude Include="UAT978.h">
      <Filter>Header Files</Filter>
    </ClInclude>
    <ClInclude Include="WebRF.h">
      <Filter>Header Files</Filter>
    </ClInclude>
    <ClInclude Include="WiFiRF.h">
      <Filter>Header Files</Filter>
    </ClInclude>
  </ItemGroup>
  <ItemGroup>
    <ClCompile Include="AbstractModule.cpp">
      <Filter>Source Files</Filter>
    </ClCompile>
    <ClCompile Include="APRS.cpp">
      <Filter>Source Files</Filter>
    </ClCompile>
    <ClCompile Include="ASR66.cpp">
      <Filter>Source Files</Filter>
    </ClCompile>
    <ClCompile Include="AVR.cpp">
      <Filter>Source Files</Filter>
    </ClCompile>
    <ClCompile Include="Baro.cpp">
      <Filter>Source Files</Filter>
    </ClCompile>
    <ClCompile Include="Baro_EPD.cpp">
      <Filter>Source Files</Filter>
    </ClCompile>
    <ClCompile Include="BatteryRF.cpp">
      <Filter>Source Files</Filter>
    </ClCompile>
    <ClCompile Include="Bluetooth.cpp">
      <Filter>Source Files</Filter>
    </ClCompile>
    <ClCompile Include="CC13XX.cpp">
      <Filter>Source Files</Filter>
    </ClCompile>
    <ClCompile Include="CoreButton.cpp">
      <Filter>Source Files</Filter>
    </ClCompile>
    <ClCompile Include="CoreCommandBuffer.cpp">
      <Filter>Source Files</Filter>
    </ClCompile>
    <ClCompile Include="D1090.cpp">
      <Filter>Source Files</Filter>
    </ClCompile>
    <ClCompile Include="Deprecated.cpp">
      <Filter>Source Files</Filter>
    </ClCompile>
    <ClCompile Include="EEPROMRF.cpp">
      <Filter>Source Files</Filter>
    </ClCompile>
    <ClCompile Include="EPD.cpp">
      <Filter>Source Files</Filter>
    </ClCompile>
    <ClCompile Include="ES1090.cpp">
      <Filter>Source Files</Filter>
    </ClCompile>
    <ClCompile Include="ESP32RF.cpp">
      <Filter>Source Files</Filter>
    </ClCompile>
    <ClCompile Include="ESP8266.cpp">
      <Filter>Source Files</Filter>
    </ClCompile>
    <ClCompile Include="FANET.cpp">
      <Filter>Source Files</Filter>
    </ClCompile>
    <ClCompile Include="GDL90.cpp">
      <Filter>Source Files</Filter>
    </ClCompile>
    <ClCompile Include="GNSS.cpp">
      <Filter>Source Files</Filter>
    </ClCompile>
    <ClCompile Include="IMU_EPD.cpp">
      <Filter>Source Files</Filter>
    </ClCompile>
    <ClCompile Include="JSON.cpp">
      <Filter>Source Files</Filter>
    </ClCompile>
    <ClCompile Include="LED.cpp">
      <Filter>Source Files</Filter>
    </ClCompile>
    <ClCompile Include="Legacy.cpp">
      <Filter>Source Files</Filter>
    </ClCompile>
    <ClCompile Include="Library.cpp">
      <Filter>Source Files</Filter>
    </ClCompile>
    <ClCompile Include="LPC43.cpp">
      <Filter>Source Files</Filter>
    </ClCompile>
    <ClCompile Include="MAVLinkRF.cpp">
      <Filter>Source Files</Filter>
    </ClCompile>
    <ClCompile Include="Memory.cpp">
      <Filter>Source Files</Filter>
    </ClCompile>
    <ClCompile Include="NMEA.cpp">
      <Filter>Source Files</Filter>
    </ClCompile>
    <ClCompile Include="nRF52.cpp">
      <Filter>Source Files</Filter>
    </ClCompile>
    <ClCompile Include="OGNTP.cpp">
      <Filter>Source Files</Filter>
    </ClCompile>
    <ClCompile Include="OLED.cpp">
      <Filter>Source Files</Filter>
    </ClCompile>
    <ClCompile Include="OTA.cpp">
      <Filter>Source Files</Filter>
    </ClCompile>
    <ClCompile Include="P3I.cpp">
      <Filter>Source Files</Filter>
    </ClCompile>
    <ClCompile Include="PSoC4.cpp">
      <Filter>Source Files</Filter>
    </ClCompile>
    <ClCompile Include="Radar_EPD.cpp">
      <Filter>Source Files</Filter>
    </ClCompile>
    <ClCompile Include="Recorder.cpp">
      <Filter>Source Files</Filter>
    </ClCompile>
    <ClCompile Include="RF.cpp">
      <Filter>Source Files</Filter>
    </ClCompile>
    <ClCompile Include="RP2040.cpp">
      <Filter>Source Files</Filter>
    </ClCompile>
    <ClCompile Include="RPi.cpp">
      <Filter>Source Files</Filter>
    </ClCompile>
    <ClCompile Include="SAMD.cpp">
      <Filter>Source Files</Filter>
    </ClCompile>
    <ClCompile Include="SettingsMail.cpp">
      <Filter>Source Files</Filter>
    </ClCompile>
    <ClCompile Include="SoC.cpp">
      <Filter>Source Files</Filter>
    </ClCompile>
    <ClCompile Include="Sound.cpp">
      <Filter>Source Files</Filter>
    </ClCompile>
    <ClCompile Include="Status_EPD.cpp">
      <Filter>Source Files</Filter>
    </ClCompile>
    <ClCompile Include="STM32.cpp">
      <Filter>Source Files</Filter>
    </ClCompile>
    <ClCompile Include="Text_EPD.cpp">
      <Filter>Source Files</Filter>
    </ClCompile>
    <ClCompile Include="TFTMenu.cpp">
      <Filter>Source Files</Filter>
    </ClCompile>
    <ClCompile Include="TFTModule.cpp">
      <Filter>Source Files</Filter>
    </ClCompile>
    <ClCompile Include="TFTRus.cpp">
      <Filter>Source Files</Filter>
    </ClCompile>
    <ClCompile Include="TimeRF.cpp">
      <Filter>Source Files</Filter>
    </ClCompile>
    <ClCompile Include="Time_EPD.cpp">
      <Filter>Source Files</Filter>
    </ClCompile>
    <ClCompile Include="TrafficHelper.cpp">
      <Filter>Source Files</Filter>
    </ClCompile>
    <ClCompile Include="TTNHelper.cpp">
      <Filter>Source Files</Filter>
    </ClCompile>
    <ClCompile Include="UAT978.cpp">
      <Filter>Source Files</Filter>
    </ClCompile>
    <ClCompile Include="WebRF.cpp">
      <Filter>Source Files</Filter>
    </ClCompile>
    <ClCompile Include="WiFiRF.cpp">
      <Filter>Source Files</Filter>
    </ClCompile>
  </ItemGroup>
</Project>