
Microsoft Visual Studio Solution File, Format Version 12.00
# Visual Studio Version 16
VisualStudioVersion = 16.0.36107.64
MinimumVisualStudioVersion = 10.0.40219.1
Project("{8BC9CEB8-8B4A-11D0-8D11-00A0C91BC942}") = "TestReceive_Packet_01", "TestReceive_Packet_01.vcxproj", "{E95F49E2-D7EA-4041-9259-AF97661CF0AA}"
EndProject
Global
	GlobalSection(SolutionConfigurationPlatforms) = preSolution
		Debug|ARM = Debug|ARM
		Debug|ARM64 = Debug|ARM64
		Release|ARM = Release|ARM
		Release|ARM64 = Release|ARM64
	EndGlobalSection
	GlobalSection(ProjectConfigurationPlatforms) = postSolution
		{E95F49E2-D7EA-4041-9259-AF97661CF0AA}.Debug|ARM.ActiveCfg = Debug|ARM
		{E95F49E2-D7EA-4041-9259-AF97661CF0AA}.Debug|ARM.Build.0 = Debug|ARM
		{E95F49E2-D7EA-4041-9259-AF97661CF0AA}.Debug|ARM.Deploy.0 = Debug|ARM
		{E95F49E2-D7EA-4041-9259-AF97661CF0AA}.Debug|ARM64.ActiveCfg = Debug|ARM64
		{E95F49E2-D7EA-4041-9259-AF97661CF0AA}.Debug|ARM64.Build.0 = Debug|ARM64
		{E95F49E2-D7EA-4041-9259-AF97661CF0AA}.Debug|ARM64.Deploy.0 = Debug|ARM64
		{E95F49E2-D7EA-4041-9259-AF97661CF0AA}.Release|ARM.ActiveCfg = Release|ARM
		{E95F49E2-D7EA-4041-9259-AF97661CF0AA}.Release|ARM.Build.0 = Release|ARM
		{E95F49E2-D7EA-4041-9259-AF97661CF0AA}.Release|ARM.Deploy.0 = Release|ARM
		{E95F49E2-D7EA-4041-9259-AF97661CF0AA}.Release|ARM64.ActiveCfg = Release|ARM64
		{E95F49E2-D7EA-4041-9259-AF97661CF0AA}.Release|ARM64.Build.0 = Release|ARM64
		{E95F49E2-D7EA-4041-9259-AF97661CF0AA}.Release|ARM64.Deploy.0 = Release|ARM64
	EndGlobalSection
	GlobalSection(SolutionProperties) = preSolution
		HideSolutionNode = FALSE
	EndGlobalSection
	GlobalSection(ExtensibilityGlobals) = postSolution
		SolutionGuid = {C0BEA0C2-A869-421C-9C8A-001FD6272BC8}
	EndGlobalSection
EndGlobal
